
Microsoft Visual Studio Solution File, Format Version 12.00
# Visual Studio Version 17
VisualStudioVersion = 17.9.34607.119
MinimumVisualStudioVersion = 10.0.40219.1
Project("{9A19103F-16F7-4668-BE54-9A1E7A4F7556}") = "DemoSQLite", "DemoSQLite\DemoSQLite.csproj", "{6D2A8102-9910-41A6-8D31-8155CE2A550A}"
EndProject
Project("{9A19103F-16F7-4668-BE54-9A1E7A4F7556}") = "Repo", "Repo\Repo.csproj", "{09F4004E-4451-4AF1-BDE4-4D50239526A3}"
EndProject
Global
	GlobalSection(SolutionConfigurationPlatforms) = preSolution
		Debug|Any CPU = Debug|Any CPU
		Release|Any CPU = Release|Any CPU
	EndGlobalSection
	GlobalSection(ProjectConfigurationPlatforms) = postSolution
		{6D2A8102-9910-41A6-8D31-8155CE2A550A}.Debug|Any CPU.ActiveCfg = Debug|Any CPU
		{6D2A8102-9910-41A6-8D31-8155CE2A550A}.Debug|Any CPU.Build.0 = Debug|Any CPU
		{6D2A8102-9910-41A6-8D31-8155CE2A550A}.Release|Any CPU.ActiveCfg = Release|Any CPU
		{6D2A8102-9910-41A6-8D31-8155CE2A550A}.Release|Any CPU.Build.0 = Release|Any CPU
		{09F4004E-4451-4AF1-BDE4-4D50239526A3}.Debug|Any CPU.ActiveCfg = Debug|Any CPU
		{09F4004E-4451-4AF1-BDE4-4D50239526A3}.Debug|Any CPU.Build.0 = Debug|Any CPU
		{09F4004E-4451-4AF1-BDE4-4D50239526A3}.Release|Any CPU.ActiveCfg = Release|Any CPU
		{09F4004E-4451-4AF1-BDE4-4D50239526A3}.Release|Any CPU.Build.0 = Release|Any CPU
	EndGlobalSection
	GlobalSection(SolutionProperties) = preSolution
		HideSolutionNode = FALSE
	EndGlobalSection
	GlobalSection(ExtensibilityGlobals) = postSolution
		SolutionGuid = {91F5E165-6215-459B-AB67-792BCA78C94D}
	EndGlobalSection
EndGlobal
